
Microsoft Visual Studio Solution File, Format Version 12.00
# Visual Studio 15
VisualStudioVersion = 15.0.28307.329
MinimumVisualStudioVersion = 10.0.40219.1
Project("{9A19103F-16F7-4668-BE54-9A1E7A4F7556}") = "TestCreatorWebApp", "TestCreatorWebApp\TestCreatorWebApp.csproj", "{94B33A41-EF7E-4A07-B67B-49B9BDDEDD25}"
EndProject
Project("{9A19103F-16F7-4668-BE54-9A1E7A4F7556}") = "TestCreatorWebApp.Tests", "TestCreatorWebApp.Tests\TestCreatorWebApp.Tests.csproj", "{B8C71738-278C-49E4-B24A-1F6CF1119C0D}"
EndProject
Global
	GlobalSection(SolutionConfigurationPlatforms) = preSolution
		Debug|Any CPU = Debug|Any CPU
		Release|Any CPU = Release|Any CPU
	EndGlobalSection
	GlobalSection(ProjectConfigurationPlatforms) = postSolution
		{94B33A41-EF7E-4A07-B67B-49B9BDDEDD25}.Debug|Any CPU.ActiveCfg = Debug|Any CPU
		{94B33A41-EF7E-4A07-B67B-49B9BDDEDD25}.Debug|Any CPU.Build.0 = Debug|Any CPU
		{94B33A41-EF7E-4A07-B67B-49B9BDDEDD25}.Release|Any CPU.ActiveCfg = Release|Any CPU
		{94B33A41-EF7E-4A07-B67B-49B9BDDEDD25}.Release|Any CPU.Build.0 = Release|Any CPU
		{B8C71738-278C-49E4-B24A-1F6CF1119C0D}.Debug|Any CPU.ActiveCfg = Debug|Any CPU
		{B8C71738-278C-49E4-B24A-1F6CF1119C0D}.Debug|Any CPU.Build.0 = Debug|Any CPU
		{B8C71738-278C-49E4-B24A-1F6CF1119C0D}.Release|Any CPU.ActiveCfg = Release|Any CPU
		{B8C71738-278C-49E4-B24A-1F6CF1119C0D}.Release|Any CPU.Build.0 = Release|Any CPU
	EndGlobalSection
	GlobalSection(SolutionProperties) = preSolution
		HideSolutionNode = FALSE
	EndGlobalSection
	GlobalSection(ExtensibilityGlobals) = postSolution
		SolutionGuid = {701DC366-84B1-4FA8-BB30-959E6D7F21C1}
		LessCompiler = 94b33a41-ef7e-4a07-b67b-49b9bddedd25
	EndGlobalSection
EndGlobal
